
Microsoft Visual Studio Solution File, Format Version 12.00
# Visual Studio Version 16
VisualStudioVersion = 16.0.33027.164
MinimumVisualStudioVersion = 10.0.40219.1
Project("{FAE04EC0-301F-11D3-BF4B-00C04F79EFBC}") = "ArgaX1.2", "FInal Revision For MexSploit 1.1\ArgaX1.2.csproj", "{76E00E24-240F-46AD-8C87-F62C5CCE5ED5}"
EndProject
Global
	GlobalSection(SolutionConfigurationPlatforms) = preSolution
		Debug|Any CPU = Debug|Any CPU
		Release|Any CPU = Release|Any CPU
	EndGlobalSection
	GlobalSection(ProjectConfigurationPlatforms) = postSolution
		{76E00E24-240F-46AD-8C87-F62C5CCE5ED5}.Debug|Any CPU.ActiveCfg = Debug|Any CPU
		{76E00E24-240F-46AD-8C87-F62C5CCE5ED5}.Debug|Any CPU.Build.0 = Debug|Any CPU
		{76E00E24-240F-46AD-8C87-F62C5CCE5ED5}.Release|Any CPU.ActiveCfg = Release|Any CPU
		{76E00E24-240F-46AD-8C87-F62C5CCE5ED5}.Release|Any CPU.Build.0 = Release|Any CPU
	EndGlobalSection
	GlobalSection(SolutionProperties) = preSolution
		HideSolutionNode = FALSE
	EndGlobalSection
	GlobalSection(ExtensibilityGlobals) = postSolution
		SolutionGuid = {4AD701B1-838C-4619-8793-44E15E589E80}
	EndGlobalSection
EndGlobal
